
Microsoft Visual Studio Solution File, Format Version 12.00
# Visual Studio 15
VisualStudioVersion = 15.0.28307.852
MinimumVisualStudioVersion = 10.0.40219.1
Project("{FAE04EC0-301F-11D3-BF4B-00C04F79EFBC}") = "ChessWPF", "ChessWPF\ChessWPF.csproj", "{CA409594-6C7E-4850-87B1-00F975AD2684}"
EndProject
Project("{FAE04EC0-301F-11D3-BF4B-00C04F79EFBC}") = "ChessWPFTests", "ChessWPFTests\ChessWPFTests.csproj", "{320ADAC7-3BCF-4F7B-B30C-B460C96E8A38}"
EndProject
Project("{54435603-DBB4-11D2-8724-00A0C9A8B90C}") = "ChessWPFSetup", "ChessWPFSetup\ChessWPFSetup.vdproj", "{27322BDB-E1F3-4ECD-A9E5-7972F7E83953}"
EndProject
Global
	GlobalSection(SolutionConfigurationPlatforms) = preSolution
		Debug|Any CPU = Debug|Any CPU
		Release|Any CPU = Release|Any CPU
	EndGlobalSection
	GlobalSection(ProjectConfigurationPlatforms) = postSolution
		{CA409594-6C7E-4850-87B1-00F975AD2684}.Debug|Any CPU.ActiveCfg = Debug|Any CPU
		{CA409594-6C7E-4850-87B1-00F975AD2684}.Debug|Any CPU.Build.0 = Debug|Any CPU
		{CA409594-6C7E-4850-87B1-00F975AD2684}.Release|Any CPU.ActiveCfg = Release|Any CPU
		{CA409594-6C7E-4850-87B1-00F975AD2684}.Release|Any CPU.Build.0 = Release|Any CPU
		{320ADAC7-3BCF-4F7B-B30C-B460C96E8A38}.Debug|Any CPU.ActiveCfg = Debug|Any CPU
		{320ADAC7-3BCF-4F7B-B30C-B460C96E8A38}.Debug|Any CPU.Build.0 = Debug|Any CPU
		{320ADAC7-3BCF-4F7B-B30C-B460C96E8A38}.Release|Any CPU.ActiveCfg = Release|Any CPU
		{320ADAC7-3BCF-4F7B-B30C-B460C96E8A38}.Release|Any CPU.Build.0 = Release|Any CPU
		{27322BDB-E1F3-4ECD-A9E5-7972F7E83953}.Debug|Any CPU.ActiveCfg = Debug
		{27322BDB-E1F3-4ECD-A9E5-7972F7E83953}.Release|Any CPU.ActiveCfg = Release
	EndGlobalSection
	GlobalSection(SolutionProperties) = preSolution
		HideSolutionNode = FALSE
	EndGlobalSection
	GlobalSection(ExtensibilityGlobals) = postSolution
		SolutionGuid = {978F6338-D94A-4626-BF97-6493DF4F8572}
	EndGlobalSection
EndGlobal
